// !$*UTF8*$!
{
	archiveVersion = 1;
	classes = {
	};
	objectVersion = 46;
	objects = {

/* Begin PBXBuildFile section */
		9F38291319BCE117005EA2D0 /* Foundation.framework in Frameworks */ = {isa = PBXBuildFile; fileRef = 9F38291219BCE117005EA2D0 /* Foundation.framework */; };
		9F38291519BCE117005EA2D0 /* CoreGraphics.framework in Frameworks */ = {isa = PBXBuildFile; fileRef = 9F38291419BCE117005EA2D0 /* CoreGraphics.framework */; };
		9F38291719BCE117005EA2D0 /* UIKit.framework in Frameworks */ = {isa = PBXBuildFile; fileRef = 9F38291619BCE117005EA2D0 /* UIKit.framework */; };
		9F38291D19BCE117005EA2D0 /* InfoPlist.strings in Resources */ = {isa = PBXBuildFile; fileRef = 9F38291B19BCE117005EA2D0 /* InfoPlist.strings */; };
		9F38291F19BCE117005EA2D0 /* main.m in Sources */ = {isa = PBXBuildFile; fileRef = 9F38291E19BCE117005EA2D0 /* main.m */; };
		9F38292319BCE117005EA2D0 /* BNRAppDelegate.m in Sources */ = {isa = PBXBuildFile; fileRef = 9F38292219BCE117005EA2D0 /* BNRAppDelegate.m */; };
		9F38292519BCE117005EA2D0 /* Images.xcassets in Resources */ = {isa = PBXBuildFile; fileRef = 9F38292419BCE117005EA2D0 /* Images.xcassets */; };
		9F38292C19BCE117005EA2D0 /* XCTest.framework in Frameworks */ = {isa = PBXBuildFile; fileRef = 9F38292B19BCE117005EA2D0 /* XCTest.framework */; };
		9F38292D19BCE117005EA2D0 /* Foundation.framework in Frameworks */ = {isa = PBXBuildFile; fileRef = 9F38291219BCE117005EA2D0 /* Foundation.framework */; };
		9F38292E19BCE117005EA2D0 /* UIKit.framework in Frameworks */ = {isa = PBXBuildFile; fileRef = 9F38291619BCE117005EA2D0 /* UIKit.framework */; };
		9F38293619BCE117005EA2D0 /* InfoPlist.strings in Resources */ = {isa = PBXBuildFile; fileRef = 9F38293419BCE117005EA2D0 /* InfoPlist.strings */; };
		9F38293819BCE117005EA2D0 /* HypnoNerdTests.m in Sources */ = {isa = PBXBuildFile; fileRef = 9F38293719BCE117005EA2D0 /* HypnoNerdTests.m */; };
		9F87A39219BCE15800E09DED /* BNRHypnosisView.m in Sources */ = {isa = PBXBuildFile; fileRef = 9F87A39119BCE15800E09DED /* BNRHypnosisView.m */; };
		9F87A39519BCE18500E09DED /* BNRHypnosisViewController.m in Sources */ = {isa = PBXBuildFile; fileRef = 9F87A39419BCE18500E09DED /* BNRHypnosisViewController.m */; };
		9F87A39819BCE2C100E09DED /* BNRReminderViewController.m in Sources */ = {isa = PBXBuildFile; fileRef = 9F87A39719BCE2C100E09DED /* BNRReminderViewController.m */; };
		9F87A39A19BCE36100E09DED /* BNRReminderViewController.xib in Resources */ = {isa = PBXBuildFile; fileRef = 9F87A39919BCE36100E09DED /* BNRReminderViewController.xib */; };
/* End PBXBuildFile section */

/* Begin PBXContainerItemProxy section */
		9F38292F19BCE117005EA2D0 /* PBXContainerItemProxy */ = {
			isa = PBXContainerItemProxy;
			containerPortal = 9F38290719BCE117005EA2D0 /* Project object */;
			proxyType = 1;
			remoteGlobalIDString = 9F38290E19BCE117005EA2D0;
			remoteInfo = HypnoNerd;
		};
/* End PBXContainerItemProxy section */

/* Begin PBXFileReference section */
		9F38290F19BCE117005EA2D0 /* HypnoNerd.app */ = {isa = PBXFileReference; explicitFileType = wrapper.application; includeInIndex = 0; path = HypnoNerd.app; sourceTree = BUILT_PRODUCTS_DIR; };
		9F38291219BCE117005EA2D0 /* Foundation.framework */ = {isa = PBXFileReference; lastKnownFileType = wrapper.framework; name = Foundation.framework; path = System/Library/Frameworks/Foundation.framework; sourceTree = SDKROOT; };
		9F38291419BCE117005EA2D0 /* CoreGraphics.framework */ = {isa = PBXFileReference; lastKnownFileType = wrapper.framework; name = CoreGraphics.framework; path = System/Library/Frameworks/CoreGraphics.framework; sourceTree = SDKROOT; };
		9F38291619BCE117005EA2D0 /* UIKit.framework */ = {isa = PBXFileReference; lastKnownFileType = wrapper.framework; name = UIKit.framework; path = System/Library/Frameworks/UIKit.framework; sourceTree = SDKROOT; };
		9F38291A19BCE117005EA2D0 /* HypnoNerd-Info.plist */ = {isa = PBXFileReference; lastKnownFileType = text.plist.xml; path = "HypnoNerd-Info.plist"; sourceTree = "<group>"; };
		9F38291C19BCE117005EA2D0 /* en */ = {isa = PBXFileReference; lastKnownFileType = text.plist.strings; name = en; path = en.lproj/InfoPlist.strings; sourceTree = "<group>"; };
		9F38291E19BCE117005EA2D0 /* main.m */ = {isa = PBXFileReference; lastKnownFileType = sourcecode.c.objc; path = main.m; sourceTree = "<group>"; };
		9F38292019BCE117005EA2D0 /* HypnoNerd-Prefix.pch */ = {isa = PBXFileReference; lastKnownFileType = sourcecode.c.h; path = "HypnoNerd-Prefix.pch"; sourceTree = "<group>"; };
		9F38292119BCE117005EA2D0 /* BNRAppDelegate.h */ = {isa = PBXFileReference; lastKnownFileType = sourcecode.c.h; path = BNRAppDelegate.h; sourceTree = "<group>"; };
		9F38292219BCE117005EA2D0 /* BNRAppDelegate.m */ = {isa = PBXFileReference; lastKnownFileType = sourcecode.c.objc; path = BNRAppDelegate.m; sourceTree = "<group>"; };
		9F38292419BCE117005EA2D0 /* Images.xcassets */ = {isa = PBXFileReference; lastKnownFileType = folder.assetcatalog; path = Images.xcassets; sourceTree = "<group>"; };
		9F38292A19BCE117005EA2D0 /* HypnoNerdTests.xctest */ = {isa = PBXFileReference; explicitFileType = wrapper.cfbundle; includeInIndex = 0; path = HypnoNerdTests.xctest; sourceTree = BUILT_PRODUCTS_DIR; };
		9F38292B19BCE117005EA2D0 /* XCTest.framework */ = {isa = PBXFileReference; lastKnownFileType = wrapper.framework; name = XCTest.framework; path = Library/Frameworks/XCTest.framework; sourceTree = DEVELOPER_DIR; };
		9F38293319BCE117005EA2D0 /* HypnoNerdTests-Info.plist */ = {isa = PBXFileReference; lastKnownFileType = text.plist.xml; path = "HypnoNerdTests-Info.plist"; sourceTree = "<group>"; };
		9F38293519BCE117005EA2D0 /* en */ = {isa = PBXFileReference; lastKnownFileType = text.plist.strings; name = en; path = en.lproj/InfoPlist.strings; sourceTree = "<group>"; };
		9F38293719BCE117005EA2D0 /* HypnoNerdTests.m */ = {isa = PBXFileReference; lastKnownFileType = sourcecode.c.objc; path = HypnoNerdTests.m; sourceTree = "<group>"; };
		9F87A39019BCE15800E09DED /* BNRHypnosisView.h */ = {isa = PBXFileReference; fileEncoding = 4; lastKnownFileType = sourcecode.c.h; path = BNRHypnosisView.h; sourceTree = "<group>"; };
		9F87A39119BCE15800E09DED /* BNRHypnosisView.m */ = {isa = PBXFileReference; fileEncoding = 4; lastKnownFileType = sourcecode.c.objc; path = BNRHypnosisView.m; sourceTree = "<group>"; };
		9F87A39319BCE18500E09DED /* BNRHypnosisViewController.h */ = {isa = PBXFileReference; fileEncoding = 4; lastKnownFileType = sourcecode.c.h; path = BNRHypnosisViewController.h; sourceTree = "<group>"; };
		9F87A39419BCE18500E09DED /* BNRHypnosisViewController.m */ = {isa = PBXFileReference; fileEncoding = 4; lastKnownFileType = sourcecode.c.objc; path = BNRHypnosisViewController.m; sourceTree = "<group>"; };
		9F87A39619BCE2C100E09DED /* BNRReminderViewController.h */ = {isa = PBXFileReference; fileEncoding = 4; lastKnownFileType = sourcecode.c.h; path = BNRReminderViewController.h; sourceTree = "<group>"; };
		9F87A39719BCE2C100E09DED /* BNRReminderViewController.m */ = {isa = PBXFileReference; fileEncoding = 4; lastKnownFileType = sourcecode.c.objc; path = BNRReminderViewController.m; sourceTree = "<group>"; };
		9F87A39919BCE36100E09DED /* BNRReminderViewController.xib */ = {isa = PBXFileReference; fileEncoding = 4; lastKnownFileType = file.xib; path = BNRReminderViewController.xib; sourceTree = "<group>"; };
/* End PBXFileReference section */

/* Begin PBXFrameworksBuildPhase section */
		9F38290C19BCE117005EA2D0 /* Frameworks */ = {
			isa = PBXFrameworksBuildPhase;
			buildActionMask = 2147483647;
			files = (
				9F38291519BCE117005EA2D0 /* CoreGraphics.framework in Frameworks */,
				9F38291719BCE117005EA2D0 /* UIKit.framework in Frameworks */,
				9F38291319BCE117005EA2D0 /* Foundation.framework in Frameworks */,
			);
			runOnlyForDeploymentPostprocessing = 0;
		};
		9F38292719BCE117005EA2D0 /* Frameworks */ = {
			isa = PBXFrameworksBuildPhase;
			buildActionMask = 2147483647;
			files = (
				9F38292C19BCE117005EA2D0 /* XCTest.framework in Frameworks */,
				9F38292E19BCE117005EA2D0 /* UIKit.framework in Frameworks */,
				9F38292D19BCE117005EA2D0 /* Foundation.framework in Frameworks */,
			);
			runOnlyForDeploymentPostprocessing = 0;
		};
/* End PBXFrameworksBuildPhase section */

/* Begin PBXGroup section */
		9F38290619BCE117005EA2D0 = {
			isa = PBXGroup;
			children = (
				9F87A39319BCE18500E09DED /* BNRHypnosisViewController.h */,
				9F87A39419BCE18500E09DED /* BNRHypnosisViewController.m */,
				9F38291819BCE117005EA2D0 /* HypnoNerd */,
				9F38293119BCE117005EA2D0 /* HypnoNerdTests */,
				9F38291119BCE117005EA2D0 /* Frameworks */,
				9F38291019BCE117005EA2D0 /* Products */,
			);
			sourceTree = "<group>";
		};
		9F38291019BCE117005EA2D0 /* Products */ = {
			isa = PBXGroup;
			children = (
				9F38290F19BCE117005EA2D0 /* HypnoNerd.app */,
				9F38292A19BCE117005EA2D0 /* HypnoNerdTests.xctest */,
			);
			name = Products;
			sourceTree = "<group>";
		};
		9F38291119BCE117005EA2D0 /* Frameworks */ = {
			isa = PBXGroup;
			children = (
				9F38291219BCE117005EA2D0 /* Foundation.framework */,
				9F38291419BCE117005EA2D0 /* CoreGraphics.framework */,
				9F38291619BCE117005EA2D0 /* UIKit.framework */,
				9F38292B19BCE117005EA2D0 /* XCTest.framework */,
			);
			name = Frameworks;
			sourceTree = "<group>";
		};
		9F38291819BCE117005EA2D0 /* HypnoNerd */ = {
			isa = PBXGroup;
			children = (
				9F38292119BCE117005EA2D0 /* BNRAppDelegate.h */,
				9F87A39019BCE15800E09DED /* BNRHypnosisView.h */,
				9F87A39119BCE15800E09DED /* BNRHypnosisView.m */,
				9F38292219BCE117005EA2D0 /* BNRAppDelegate.m */,
				9F87A39619BCE2C100E09DED /* BNRReminderViewController.h */,
				9F87A39719BCE2C100E09DED /* BNRReminderViewController.m */,
				9F87A39919BCE36100E09DED /* BNRReminderViewController.xib */,
				9F38292419BCE117005EA2D0 /* Images.xcassets */,
				9F38291919BCE117005EA2D0 /* Supporting Files */,
			);
			path = HypnoNerd;
			sourceTree = "<group>";
		};
		9F38291919BCE117005EA2D0 /* Supporting Files */ = {
			isa = PBXGroup;
			children = (
				9F38291A19BCE117005EA2D0 /* HypnoNerd-Info.plist */,
				9F38291B19BCE117005EA2D0 /* InfoPlist.strings */,
				9F38291E19BCE117005EA2D0 /* main.m */,
				9F38292019BCE117005EA2D0 /* HypnoNerd-Prefix.pch */,
			);
			name = "Supporting Files";
			sourceTree = "<group>";
		};
		9F38293119BCE117005EA2D0 /* HypnoNerdTests */ = {
			isa = PBXGroup;
			children = (
				9F38293719BCE117005EA2D0 /* HypnoNerdTests.m */,
				9F38293219BCE117005EA2D0 /* Supporting Files */,
			);
			path = HypnoNerdTests;
			sourceTree = "<group>";
		};
		9F38293219BCE117005EA2D0 /* Supporting Files */ = {
			isa = PBXGroup;
			children = (
				9F38293319BCE117005EA2D0 /* HypnoNerdTests-Info.plist */,
				9F38293419BCE117005EA2D0 /* InfoPlist.strings */,
			);
			name = "Supporting Files";
			sourceTree = "<group>";
		};
/* End PBXGroup section */

/* Begin PBXNativeTarget section */
		9F38290E19BCE117005EA2D0 /* HypnoNerd */ = {
			isa = PBXNativeTarget;
			buildConfigurationList = 9F38293B19BCE117005EA2D0 /* Build configuration list for PBXNativeTarget "HypnoNerd" */;
			buildPhases = (
				9F38290B19BCE117005EA2D0 /* Sources */,
				9F38290C19BCE117005EA2D0 /* Frameworks */,
				9F38290D19BCE117005EA2D0 /* Resources */,
			);
			buildRules = (
			);
			dependencies = (
			);
			name = HypnoNerd;
			productName = HypnoNerd;
			productReference = 9F38290F19BCE117005EA2D0 /* HypnoNerd.app */;
			productType = "com.apple.product-type.application";
		};
		9F38292919BCE117005EA2D0 /* HypnoNerdTests */ = {
			isa = PBXNativeTarget;
			buildConfigurationList = 9F38293E19BCE117005EA2D0 /* Build configuration list for PBXNativeTarget "HypnoNerdTests" */;
			buildPhases = (
				9F38292619BCE117005EA2D0 /* Sources */,
				9F38292719BCE117005EA2D0 /* Frameworks */,
				9F38292819BCE117005EA2D0 /* Resources */,
			);
			buildRules = (
			);
			dependencies = (
				9F38293019BCE117005EA2D0 /* PBXTargetDependency */,
			);
			name = HypnoNerdTests;
			productName = HypnoNerdTests;
			productReference = 9F38292A19BCE117005EA2D0 /* HypnoNerdTests.xctest */;
			productType = "com.apple.product-type.bundle.unit-test";
		};
/* End PBXNativeTarget section */

/* Begin PBXProject section */
		9F38290719BCE117005EA2D0 /* Project object */ = {
			isa = PBXProject;
			attributes = {
				CLASSPREFIX = BNR;
				LastUpgradeCheck = 0510;
				ORGANIZATIONNAME = "Big Nerd Ranch";
				TargetAttributes = {
					9F38292919BCE117005EA2D0 = {
						TestTargetID = 9F38290E19BCE117005EA2D0;
					};
				};
			};
			buildConfigurationList = 9F38290A19BCE117005EA2D0 /* Build configuration list for PBXProject "HypnoNerd" */;
			compatibilityVersion = "Xcode 3.2";
			developmentRegion = English;
			hasScannedForEncodings = 0;
			knownRegions = (
				en,
			);
			mainGroup = 9F38290619BCE117005EA2D0;
			productRefGroup = 9F38291019BCE117005EA2D0 /* Products */;
			projectDirPath = "";
			projectRoot = "";
			targets = (
				9F38290E19BCE117005EA2D0 /* HypnoNerd */,
				9F38292919BCE117005EA2D0 /* HypnoNerdTests */,
			);
		};
/* End PBXProject section */

/* Begin PBXResourcesBuildPhase section */
		9F38290D19BCE117005EA2D0 /* Resources */ = {
			isa = PBXResourcesBuildPhase;
			buildActionMask = 2147483647;
			files = (
				9F87A39A19BCE36100E09DED /* BNRReminderViewController.xib in Resources */,
				9F38291D19BCE117005EA2D0 /* InfoPlist.strings in Resources */,
				9F38292519BCE117005EA2D0 /* Images.xcassets in Resources */,
			);
			runOnlyForDeploymentPostprocessing = 0;
		};
		9F38292819BCE117005EA2D0 /* Resources */ = {
			isa = PBXResourcesBuildPhase;
			buildActionMask = 2147483647;
			files = (
				9F38293619BCE117005EA2D0 /* InfoPlist.strings in Resources */,
			);
			runOnlyForDeploymentPostprocessing = 0;
		};
/* End PBXResourcesBuildPhase section */

/* Begin PBXSourcesBuildPhase section */
		9F38290B19BCE117005EA2D0 /* Sources */ = {
			isa = PBXSourcesBuildPhase;
			buildActionMask = 2147483647;
			files = (
				9F87A39519BCE18500E09DED /* BNRHypnosisViewController.m in Sources */,
				9F38291F19BCE117005EA2D0 /* main.m in Sources */,
				9F38292319BCE117005EA2D0 /* BNRAppDelegate.m in Sources */,
				9F87A39819BCE2C100E09DED /* BNRReminderViewController.m in Sources */,
				9F87A39219BCE15800E09DED /* BNRHypnosisView.m in Sources */,
			);
			runOnlyForDeploymentPostprocessing = 0;
		};
		9F38292619BCE117005EA2D0 /* Sources */ = {
			isa = PBXSourcesBuildPhase;
			buildActionMask = 2147483647;
			files = (
				9F38293819BCE117005EA2D0 /* HypnoNerdTests.m in Sources */,
			);
			runOnlyForDeploymentPostprocessing = 0;
		};
/* End PBXSourcesBuildPhase section */

/* Begin PBXTargetDependency section */
		9F38293019BCE117005EA2D0 /* PBXTargetDependency */ = {
			isa = PBXTargetDependency;
			target = 9F38290E19BCE117005EA2D0 /* HypnoNerd */;
			targetProxy = 9F38292F19BCE117005EA2D0 /* PBXContainerItemProxy */;
		};
/* End PBXTargetDependency section */

/* Begin PBXVariantGroup section */
		9F38291B19BCE117005EA2D0 /* InfoPlist.strings */ = {
			isa = PBXVariantGroup;
			children = (
				9F38291C19BCE117005EA2D0 /* en */,
			);
			name = InfoPlist.strings;
			sourceTree = "<group>";
		};
		9F38293419BCE117005EA2D0 /* InfoPlist.strings */ = {
			isa = PBXVariantGroup;
			children = (
				9F38293519BCE117005EA2D0 /* en */,
			);
			name = InfoPlist.strings;
			sourceTree = "<group>";
		};
/* End PBXVariantGroup section */

/* Begin XCBuildConfiguration section */
		9F38293919BCE117005EA2D0 /* Debug */ = {
			isa = XCBuildConfiguration;
			buildSettings = {
				ALWAYS_SEARCH_USER_PATHS = NO;
				CLANG_CXX_LANGUAGE_STANDARD = "gnu++0x";
				CLANG_CXX_LIBRARY = "libc++";
				CLANG_ENABLE_MODULES = YES;
				CLANG_ENABLE_OBJC_ARC = YES;
				CLANG_WARN_BOOL_CONVERSION = YES;
				CLANG_WARN_CONSTANT_CONVERSION = YES;
				CLANG_WARN_DIRECT_OBJC_ISA_USAGE = YES_ERROR;
				CLANG_WARN_EMPTY_BODY = YES;
				CLANG_WARN_ENUM_CONVERSION = YES;
				CLANG_WARN_INT_CONVERSION = YES;
				CLANG_WARN_OBJC_ROOT_CLASS = YES_ERROR;
				CLANG_WARN__DUPLICATE_METHOD_MATCH = YES;
				"CODE_SIGN_IDENTITY[sdk=iphoneos*]" = "iPhone Developer";
				COPY_PHASE_STRIP = NO;
				GCC_C_LANGUAGE_STANDARD = gnu99;
				GCC_DYNAMIC_NO_PIC = NO;
				GCC_OPTIMIZATION_LEVEL = 0;
				GCC_PREPROCESSOR_DEFINITIONS = (
					"DEBUG=1",
					"$(inherited)",
				);
				GCC_SYMBOLS_PRIVATE_EXTERN = NO;
				GCC_WARN_64_TO_32_BIT_CONVERSION = YES;
				GCC_WARN_ABOUT_RETURN_TYPE = YES_ERROR;
				GCC_WARN_UNDECLARED_SELECTOR = YES;
				GCC_WARN_UNINITIALIZED_AUTOS = YES_AGGRESSIVE;
				GCC_WARN_UNUSED_FUNCTION = YES;
				GCC_WARN_UNUSED_VARIABLE = YES;
				IPHONEOS_DEPLOYMENT_TARGET = 7.1;
				ONLY_ACTIVE_ARCH = YES;
				SDKROOT = iphoneos;
			};
			name = Debug;
		};
		9F38293A19BCE117005EA2D0 /* Release */ = {
			isa = XCBuildConfiguration;
			buildSettings = {
				ALWAYS_SEARCH_USER_PATHS = NO;
				CLANG_CXX_LANGUAGE_STANDARD = "gnu++0x";
				CLANG_CXX_LIBRARY = "libc++";
				CLANG_ENABLE_MODULES = YES;
				CLANG_ENABLE_OBJC_ARC = YES;
				CLANG_WARN_BOOL_CONVERSION = YES;
				CLANG_WARN_CONSTANT_CONVERSION = YES;
				CLANG_WARN_DIRECT_OBJC_ISA_USAGE = YES_ERROR;
				CLANG_WARN_EMPTY_BODY = YES;
				CLANG_WARN_ENUM_CONVERSION = YES;
				CLANG_WARN_INT_CONVERSION = YES;
				CLANG_WARN_OBJC_ROOT_CLASS = YES_ERROR;
				CLANG_WARN__DUPLICATE_METHOD_MATCH = YES;
				"CODE_SIGN_IDENTITY[sdk=iphoneos*]" = "iPhone Developer";
				COPY_PHASE_STRIP = YES;
				ENABLE_NS_ASSERTIONS = NO;
				GCC_C_LANGUAGE_STANDARD = gnu99;
				GCC_WARN_64_TO_32_BIT_CONVERSION = YES;
				GCC_WARN_ABOUT_RETURN_TYPE = YES_ERROR;
				GCC_WARN_UNDECLARED_SELECTOR = YES;
				GCC_WARN_UNINITIALIZED_AUTOS = YES_AGGRESSIVE;
				GCC_WARN_UNUSED_FUNCTION = YES;
				GCC_WARN_UNUSED_VARIABLE = YES;
				IPHONEOS_DEPLOYMENT_TARGET = 7.1;
				SDKROOT = iphoneos;
				VALIDATE_PRODUCT = YES;
			};
			name = Release;
		};
		9F38293C19BCE117005EA2D0 /* Debug */ = {
			isa = XCBuildConfiguration;
			buildSettings = {
				ASSETCATALOG_COMPILER_APPICON_NAME = AppIcon;
				ASSETCATALOG_COMPILER_LAUNCHIMAGE_NAME = LaunchImage;
				GCC_PRECOMPILE_PREFIX_HEADER = YES;
				GCC_PREFIX_HEADER = "HypnoNerd/HypnoNerd-Prefix.pch";
				INFOPLIST_FILE = "HypnoNerd/HypnoNerd-Info.plist";
				PRODUCT_NAME = "$(TARGET_NAME)";
				WRAPPER_EXTENSION = app;
			};
			name = Debug;
		};
		9F38293D19BCE117005EA2D0 /* Release */ = {
			isa = XCBuildConfiguration;
			buildSettings = {
				ASSETCATALOG_COMPILER_APPICON_NAME = AppIcon;
				ASSETCATALOG_COMPILER_LAUNCHIMAGE_NAME = LaunchImage;
				GCC_PRECOMPILE_PREFIX_HEADER = YES;
				GCC_PREFIX_HEADER = "HypnoNerd/HypnoNerd-Prefix.pch";
				INFOPLIST_FILE = "HypnoNerd/HypnoNerd-Info.plist";
				PRODUCT_NAME = "$(TARGET_NAME)";
				WRAPPER_EXTENSION = app;
			};
			name = Release;
		};
		9F38293F19BCE117005EA2D0 /* Debug */ = {
			isa = XCBuildConfiguration;
			buildSettings = {
				BUNDLE_LOADER = "$(BUILT_PRODUCTS_DIR)/HypnoNerd.app/HypnoNerd";
				FRAMEWORK_SEARCH_PATHS = (
					"$(SDKROOT)/Developer/Library/Frameworks",
					"$(inherited)",
					"$(DEVELOPER_FRAMEWORKS_DIR)",
				);
				GCC_PRECOMPILE_PREFIX_HEADER = YES;
				GCC_PREFIX_HEADER = "HypnoNerd/HypnoNerd-Prefix.pch";
				GCC_PREPROCESSOR_DEFINITIONS = (
					"DEBUG=1",
					"$(inherited)",
				);
				INFOPLIST_FILE = "HypnoNerdTests/HypnoNerdTests-Info.plist";
				PRODUCT_NAME = "$(TARGET_NAME)";
				TEST_HOST = "$(BUNDLE_LOADER)";
				WRAPPER_EXTENSION = xctest;
			};
			name = Debug;
		};
		9F38294019BCE117005EA2D0 /* Release */ = {
			isa = XCBuildConfiguration;
			buildSettings = {
				BUNDLE_LOADER = "$(BUILT_PRODUCTS_DIR)/HypnoNerd.app/HypnoNerd";
				FRAMEWORK_SEARCH_PATHS = (
					"$(SDKROOT)/Developer/Library/Frameworks",
					"$(inherited)",
					"$(DEVELOPER_FRAMEWORKS_DIR)",
				);
				GCC_PRECOMPILE_PREFIX_HEADER = YES;
				GCC_PREFIX_HEADER = "HypnoNerd/HypnoNerd-Prefix.pch";
				INFOPLIST_FILE = "HypnoNerdTests/HypnoNerdTests-Info.plist";
				PRODUCT_NAME = "$(TARGET_NAME)";
				TEST_HOST = "$(BUNDLE_LOADER)";
				WRAPPER_EXTENSION = xctest;
			};
			name = Release;
		};
/* End XCBuildConfiguration section */

/* Begin XCConfigurationList section */
		9F38290A19BCE117005EA2D0 /* Build configuration list for PBXProject "HypnoNerd" */ = {
			isa = XCConfigurationList;
			buildConfigurations = (
				9F38293919BCE117005EA2D0 /* Debug */,
				9F38293A19BCE117005EA2D0 /* Release */,
			);
			defaultConfigurationIsVisible = 0;
			defaultConfigurationName = Release;
		};
		9F38293B19BCE117005EA2D0 /* Build configuration list for PBXNativeTarget "HypnoNerd" */ = {
			isa = XCConfigurationList;
			buildConfigurations = (
				9F38293C19BCE117005EA2D0 /* Debug */,
				9F38293D19BCE117005EA2D0 /* Release */,
			);
			defaultConfigurationIsVisible = 0;
			defaultConfigurationName = Release;
		};
		9F38293E19BCE117005EA2D0 /* Build configuration list for PBXNativeTarget "HypnoNerdTests" */ = {
			isa = XCConfigurationList;
			buildConfigurations = (
				9F38293F19BCE117005EA2D0 /* Debug */,
				9F38294019BCE117005EA2D0 /* Release */,
			);
			defaultConfigurationIsVisible = 0;
			defaultConfigurationName = Release;
		};
/* End XCConfigurationList section */
	};
	rootObject = 9F38290719BCE117005EA2D0 /* Project object */;
}
